
Microsoft Visual Studio Solution File, Format Version 12.00
# Visual Studio Version 17
VisualStudioVersion = 17.2.32616.157
MinimumVisualStudioVersion = 10.0.40219.1
Project("{9A19103F-16F7-4668-BE54-9A1E7A4F7556}") = "Game X and O", "Game X and O\Game X and O.csproj", "{D598AA3F-14E7-45DD-9916-F9BCD3A5D884}"
EndProject
Project("{9A19103F-16F7-4668-BE54-9A1E7A4F7556}") = "Notebook", "Notebook\Notebook.csproj", "{E335E794-9A4F-46B4-A3DC-19A896E69AEA}"
EndProject
Project("{9A19103F-16F7-4668-BE54-9A1E7A4F7556}") = "dynamic array List", "dynamic array List\dynamic array List.csproj", "{7ACFAA33-FAB4-4590-AB77-6245BB9F2EEE}"
EndProject
Project("{9A19103F-16F7-4668-BE54-9A1E7A4F7556}") = "LearningAbstractClassAnimal", "LearningAbstractClassAnimal\LearningAbstractClassAnimal.csproj", "{12427B22-72FC-4D70-BF8C-42325B1020C5}"
EndProject
Project("{9A19103F-16F7-4668-BE54-9A1E7A4F7556}") = "GenerationException", "GenerationException\GenerationException.csproj", "{76BA4027-3DA5-4185-9073-B1536F2E2C9F}"
EndProject
Project("{9A19103F-16F7-4668-BE54-9A1E7A4F7556}") = "LOPI", "..\..\FinalProject\LOPI\LOPI\LOPI.csproj", "{2EB0BE80-43C2-4816-90DF-1215A5FB705B}"
EndProject
Project("{9A19103F-16F7-4668-BE54-9A1E7A4F7556}") = "BotTelegram", "BotTelegram\BotTelegram.csproj", "{11435FC5-0407-498D-9663-9130808D7E0A}"
EndProject
Global
	GlobalSection(SolutionConfigurationPlatforms) = preSolution
		Debug|Any CPU = Debug|Any CPU
		Release|Any CPU = Release|Any CPU
	EndGlobalSection
	GlobalSection(ProjectConfigurationPlatforms) = postSolution
		{D598AA3F-14E7-45DD-9916-F9BCD3A5D884}.Debug|Any CPU.ActiveCfg = Debug|Any CPU
		{D598AA3F-14E7-45DD-9916-F9BCD3A5D884}.Debug|Any CPU.Build.0 = Debug|Any CPU
		{D598AA3F-14E7-45DD-9916-F9BCD3A5D884}.Release|Any CPU.ActiveCfg = Release|Any CPU
		{D598AA3F-14E7-45DD-9916-F9BCD3A5D884}.Release|Any CPU.Build.0 = Release|Any CPU
		{E335E794-9A4F-46B4-A3DC-19A896E69AEA}.Debug|Any CPU.ActiveCfg = Debug|Any CPU
		{E335E794-9A4F-46B4-A3DC-19A896E69AEA}.Debug|Any CPU.Build.0 = Debug|Any CPU
		{E335E794-9A4F-46B4-A3DC-19A896E69AEA}.Release|Any CPU.ActiveCfg = Release|Any CPU
		{E335E794-9A4F-46B4-A3DC-19A896E69AEA}.Release|Any CPU.Build.0 = Release|Any CPU
		{7ACFAA33-FAB4-4590-AB77-6245BB9F2EEE}.Debug|Any CPU.ActiveCfg = Debug|Any CPU
		{7ACFAA33-FAB4-4590-AB77-6245BB9F2EEE}.Debug|Any CPU.Build.0 = Debug|Any CPU
		{7ACFAA33-FAB4-4590-AB77-6245BB9F2EEE}.Release|Any CPU.ActiveCfg = Release|Any CPU
		{7ACFAA33-FAB4-4590-AB77-6245BB9F2EEE}.Release|Any CPU.Build.0 = Release|Any CPU
		{12427B22-72FC-4D70-BF8C-42325B1020C5}.Debug|Any CPU.ActiveCfg = Debug|Any CPU
		{12427B22-72FC-4D70-BF8C-42325B1020C5}.Debug|Any CPU.Build.0 = Debug|Any CPU
		{12427B22-72FC-4D70-BF8C-42325B1020C5}.Release|Any CPU.ActiveCfg = Release|Any CPU
		{12427B22-72FC-4D70-BF8C-42325B1020C5}.Release|Any CPU.Build.0 = Release|Any CPU
		{76BA4027-3DA5-4185-9073-B1536F2E2C9F}.Debug|Any CPU.ActiveCfg = Debug|Any CPU
		{76BA4027-3DA5-4185-9073-B1536F2E2C9F}.Debug|Any CPU.Build.0 = Debug|Any CPU
		{76BA4027-3DA5-4185-9073-B1536F2E2C9F}.Release|Any CPU.ActiveCfg = Release|Any CPU
		{76BA4027-3DA5-4185-9073-B1536F2E2C9F}.Release|Any CPU.Build.0 = Release|Any CPU
		{2EB0BE80-43C2-4816-90DF-1215A5FB705B}.Debug|Any CPU.ActiveCfg = Debug|Any CPU
		{2EB0BE80-43C2-4816-90DF-1215A5FB705B}.Debug|Any CPU.Build.0 = Debug|Any CPU
		{2EB0BE80-43C2-4816-90DF-1215A5FB705B}.Release|Any CPU.ActiveCfg = Release|Any CPU
		{2EB0BE80-43C2-4816-90DF-1215A5FB705B}.Release|Any CPU.Build.0 = Release|Any CPU
		{11435FC5-0407-498D-9663-9130808D7E0A}.Debug|Any CPU.ActiveCfg = Debug|Any CPU
		{11435FC5-0407-498D-9663-9130808D7E0A}.Debug|Any CPU.Build.0 = Debug|Any CPU
		{11435FC5-0407-498D-9663-9130808D7E0A}.Release|Any CPU.ActiveCfg = Release|Any CPU
		{11435FC5-0407-498D-9663-9130808D7E0A}.Release|Any CPU.Build.0 = Release|Any CPU
	EndGlobalSection
	GlobalSection(SolutionProperties) = preSolution
		HideSolutionNode = FALSE
	EndGlobalSection
	GlobalSection(ExtensibilityGlobals) = postSolution
		SolutionGuid = {4AA68D2A-5428-45E1-8EEE-CE8C5A160715}
	EndGlobalSection
EndGlobal
